// !$*UTF8*$!
{
	archiveVersion = 1;
	classes = {
	};
	objectVersion = 46;
	objects = {

/* Begin PBXBuildFile section */
		FC07421C1B01A70E00B80A3E /* AppDelegate.swift in Sources */ = {isa = PBXBuildFile; fileRef = FC07421B1B01A70E00B80A3E /* AppDelegate.swift */; };
		FC07421E1B01A70E00B80A3E /* MasterViewController.swift in Sources */ = {isa = PBXBuildFile; fileRef = FC07421D1B01A70E00B80A3E /* MasterViewController.swift */; };
		FC0742201B01A70E00B80A3E /* DetailViewController.swift in Sources */ = {isa = PBXBuildFile; fileRef = FC07421F1B01A70E00B80A3E /* DetailViewController.swift */; };
		FC0742231B01A70E00B80A3E /* Main.storyboard in Resources */ = {isa = PBXBuildFile; fileRef = FC0742211B01A70E00B80A3E /* Main.storyboard */; };
		FC0742251B01A70E00B80A3E /* Images.xcassets in Resources */ = {isa = PBXBuildFile; fileRef = FC0742241B01A70E00B80A3E /* Images.xcassets */; };
		FC0742281B01A70E00B80A3E /* LaunchScreen.xib in Resources */ = {isa = PBXBuildFile; fileRef = FC0742261B01A70E00B80A3E /* LaunchScreen.xib */; };
		FC0742341B01A70E00B80A3E /* testTests.swift in Sources */ = {isa = PBXBuildFile; fileRef = FC0742331B01A70E00B80A3E /* testTests.swift */; };
/* End PBXBuildFile section */

/* Begin PBXContainerItemProxy section */
		FC07422E1B01A70E00B80A3E /* PBXContainerItemProxy */ = {
			isa = PBXContainerItemProxy;
			containerPortal = FC07420E1B01A70D00B80A3E /* Project object */;
			proxyType = 1;
			remoteGlobalIDString = FC0742151B01A70E00B80A3E;
			remoteInfo = test;
		};
/* End PBXContainerItemProxy section */

/* Begin PBXFileReference section */
		FC0742161B01A70E00B80A3E /* test.app */ = {isa = PBXFileReference; explicitFileType = wrapper.application; includeInIndex = 0; path = test.app; sourceTree = BUILT_PRODUCTS_DIR; };
		FC07421A1B01A70E00B80A3E /* Info.plist */ = {isa = PBXFileReference; lastKnownFileType = text.plist.xml; path = Info.plist; sourceTree = "<group>"; };
		FC07421B1B01A70E00B80A3E /* AppDelegate.swift */ = {isa = PBXFileReference; lastKnownFileType = sourcecode.swift; path = AppDelegate.swift; sourceTree = "<group>"; };
		FC07421D1B01A70E00B80A3E /* MasterViewController.swift */ = {isa = PBXFileReference; lastKnownFileType = sourcecode.swift; path = MasterViewController.swift; sourceTree = "<group>"; };
		FC07421F1B01A70E00B80A3E /* DetailViewController.swift */ = {isa = PBXFileReference; lastKnownFileType = sourcecode.swift; path = DetailViewController.swift; sourceTree = "<group>"; };
		FC0742221B01A70E00B80A3E /* Base */ = {isa = PBXFileReference; lastKnownFileType = file.storyboard; name = Base; path = Base.lproj/Main.storyboard; sourceTree = "<group>"; };
		FC0742241B01A70E00B80A3E /* Images.xcassets */ = {isa = PBXFileReference; lastKnownFileType = folder.assetcatalog; path = Images.xcassets; sourceTree = "<group>"; };
		FC0742271B01A70E00B80A3E /* Base */ = {isa = PBXFileReference; lastKnownFileType = file.xib; name = Base; path = Base.lproj/LaunchScreen.xib; sourceTree = "<group>"; };
		FC07422D1B01A70E00B80A3E /* testTests.xctest */ = {isa = PBXFileReference; explicitFileType = wrapper.cfbundle; includeInIndex = 0; path = testTests.xctest; sourceTree = BUILT_PRODUCTS_DIR; };
		FC0742321B01A70E00B80A3E /* Info.plist */ = {isa = PBXFileReference; lastKnownFileType = text.plist.xml; path = Info.plist; sourceTree = "<group>"; };
		FC0742331B01A70E00B80A3E /* testTests.swift */ = {isa = PBXFileReference; lastKnownFileType = sourcecode.swift; path = testTests.swift; sourceTree = "<group>"; };
/* End PBXFileReference section */

/* Begin PBXFrameworksBuildPhase section */
		FC0742131B01A70E00B80A3E /* Frameworks */ = {
			isa = PBXFrameworksBuildPhase;
			buildActionMask = 2147483647;
			files = (
			);
			runOnlyForDeploymentPostprocessing = 0;
		};
		FC07422A1B01A70E00B80A3E /* Frameworks */ = {
			isa = PBXFrameworksBuildPhase;
			buildActionMask = 2147483647;
			files = (
			);
			runOnlyForDeploymentPostprocessing = 0;
		};
/* End PBXFrameworksBuildPhase section */

/* Begin PBXGroup section */
		FC07420D1B01A70D00B80A3E = {
			isa = PBXGroup;
			children = (
				FC0742181B01A70E00B80A3E /* test */,
				FC0742301B01A70E00B80A3E /* testTests */,
				FC0742171B01A70E00B80A3E /* Products */,
			);
			sourceTree = "<group>";
		};
		FC0742171B01A70E00B80A3E /* Products */ = {
			isa = PBXGroup;
			children = (
				FC0742161B01A70E00B80A3E /* test.app */,
				FC07422D1B01A70E00B80A3E /* testTests.xctest */,
			);
			name = Products;
			sourceTree = "<group>";
		};
		FC0742181B01A70E00B80A3E /* test */ = {
			isa = PBXGroup;
			children = (
				FC07421B1B01A70E00B80A3E /* AppDelegate.swift */,
				FC07421D1B01A70E00B80A3E /* MasterViewController.swift */,
				FC07421F1B01A70E00B80A3E /* DetailViewController.swift */,
				FC0742211B01A70E00B80A3E /* Main.storyboard */,
				FC0742241B01A70E00B80A3E /* Images.xcassets */,
				FC0742261B01A70E00B80A3E /* LaunchScreen.xib */,
				FC0742191B01A70E00B80A3E /* Supporting Files */,
			);
			path = test;
			sourceTree = "<group>";
		};
		FC0742191B01A70E00B80A3E /* Supporting Files */ = {
			isa = PBXGroup;
			children = (
				FC07421A1B01A70E00B80A3E /* Info.plist */,
			);
			name = "Supporting Files";
			sourceTree = "<group>";
		};
		FC0742301B01A70E00B80A3E /* testTests */ = {
			isa = PBXGroup;
			children = (
				FC0742331B01A70E00B80A3E /* testTests.swift */,
				FC0742311B01A70E00B80A3E /* Supporting Files */,
			);
			path = testTests;
			sourceTree = "<group>";
		};
		FC0742311B01A70E00B80A3E /* Supporting Files */ = {
			isa = PBXGroup;
			children = (
				FC0742321B01A70E00B80A3E /* Info.plist */,
			);
			name = "Supporting Files";
			sourceTree = "<group>";
		};
/* End PBXGroup section */

/* Begin PBXNativeTarget section */
		FC0742151B01A70E00B80A3E /* test */ = {
			isa = PBXNativeTarget;
			buildConfigurationList = FC0742371B01A70E00B80A3E /* Build configuration list for PBXNativeTarget "test" */;
			buildPhases = (
				FC0742121B01A70E00B80A3E /* Sources */,
				FC0742131B01A70E00B80A3E /* Frameworks */,
				FC0742141B01A70E00B80A3E /* Resources */,
			);
			buildRules = (
			);
			dependencies = (
			);
			name = test;
			productName = test;
			productReference = FC0742161B01A70E00B80A3E /* test.app */;
			productType = "com.apple.product-type.application";
		};
		FC07422C1B01A70E00B80A3E /* testTests */ = {
			isa = PBXNativeTarget;
			buildConfigurationList = FC07423A1B01A70E00B80A3E /* Build configuration list for PBXNativeTarget "testTests" */;
			buildPhases = (
				FC0742291B01A70E00B80A3E /* Sources */,
				FC07422A1B01A70E00B80A3E /* Frameworks */,
				FC07422B1B01A70E00B80A3E /* Resources */,
			);
			buildRules = (
			);
			dependencies = (
				FC07422F1B01A70E00B80A3E /* PBXTargetDependency */,
			);
			name = testTests;
			productName = testTests;
			productReference = FC07422D1B01A70E00B80A3E /* testTests.xctest */;
			productType = "com.apple.product-type.bundle.unit-test";
		};
/* End PBXNativeTarget section */

/* Begin PBXProject section */
		FC07420E1B01A70D00B80A3E /* Project object */ = {
			isa = PBXProject;
			attributes = {
				LastUpgradeCheck = 0630;
				ORGANIZATIONNAME = "蔡崇博";
				TargetAttributes = {
					FC0742151B01A70E00B80A3E = {
						CreatedOnToolsVersion = 6.3;
					};
					FC07422C1B01A70E00B80A3E = {
						CreatedOnToolsVersion = 6.3;
						TestTargetID = FC0742151B01A70E00B80A3E;
					};
				};
			};
			buildConfigurationList = FC0742111B01A70D00B80A3E /* Build configuration list for PBXProject "test" */;
			compatibilityVersion = "Xcode 3.2";
			developmentRegion = English;
			hasScannedForEncodings = 0;
			knownRegions = (
				en,
				Base,
			);
			mainGroup = FC07420D1B01A70D00B80A3E;
			productRefGroup = FC0742171B01A70E00B80A3E /* Products */;
			projectDirPath = "";
			projectRoot = "";
			targets = (
				FC0742151B01A70E00B80A3E /* test */,
				FC07422C1B01A70E00B80A3E /* testTests */,
			);
		};
/* End PBXProject section */

/* Begin PBXResourcesBuildPhase section */
		FC0742141B01A70E00B80A3E /* Resources */ = {
			isa = PBXResourcesBuildPhase;
			buildActionMask = 2147483647;
			files = (
				FC0742231B01A70E00B80A3E /* Main.storyboard in Resources */,
				FC0742281B01A70E00B80A3E /* LaunchScreen.xib in Resources */,
				FC0742251B01A70E00B80A3E /* Images.xcassets in Resources */,
			);
			runOnlyForDeploymentPostprocessing = 0;
		};
		FC07422B1B01A70E00B80A3E /* Resources */ = {
			isa = PBXResourcesBuildPhase;
			buildActionMask = 2147483647;
			files = (
			);
			runOnlyForDeploymentPostprocessing = 0;
		};
/* End PBXResourcesBuildPhase section */

/* Begin PBXSourcesBuildPhase section */
		FC0742121B01A70E00B80A3E /* Sources */ = {
			isa = PBXSourcesBuildPhase;
			buildActionMask = 2147483647;
			files = (
				FC0742201B01A70E00B80A3E /* DetailViewController.swift in Sources */,
				FC07421E1B01A70E00B80A3E /* MasterViewController.swift in Sources */,
				FC07421C1B01A70E00B80A3E /* AppDelegate.swift in Sources */,
			);
			runOnlyForDeploymentPostprocessing = 0;
		};
		FC0742291B01A70E00B80A3E /* Sources */ = {
			isa = PBXSourcesBuildPhase;
			buildActionMask = 2147483647;
			files = (
				FC0742341B01A70E00B80A3E /* testTests.swift in Sources */,
			);
			runOnlyForDeploymentPostprocessing = 0;
		};
/* End PBXSourcesBuildPhase section */

/* Begin PBXTargetDependency section */
		FC07422F1B01A70E00B80A3E /* PBXTargetDependency */ = {
			isa = PBXTargetDependency;
			target = FC0742151B01A70E00B80A3E /* test */;
			targetProxy = FC07422E1B01A70E00B80A3E /* PBXContainerItemProxy */;
		};
/* End PBXTargetDependency section */

/* Begin PBXVariantGroup section */
		FC0742211B01A70E00B80A3E /* Main.storyboard */ = {
			isa = PBXVariantGroup;
			children = (
				FC0742221B01A70E00B80A3E /* Base */,
			);
			name = Main.storyboard;
			sourceTree = "<group>";
		};
		FC0742261B01A70E00B80A3E /* LaunchScreen.xib */ = {
			isa = PBXVariantGroup;
			children = (
				FC0742271B01A70E00B80A3E /* Base */,
			);
			name = LaunchScreen.xib;
			sourceTree = "<group>";
		};
/* End PBXVariantGroup section */

/* Begin XCBuildConfiguration section */
		FC0742351B01A70E00B80A3E /* Debug */ = {
			isa = XCBuildConfiguration;
			buildSettings = {
				ALWAYS_SEARCH_USER_PATHS = NO;
				CLANG_CXX_LANGUAGE_STANDARD = "gnu++0x";
				CLANG_CXX_LIBRARY = "libc++";
				CLANG_ENABLE_MODULES = YES;
				CLANG_ENABLE_OBJC_ARC = YES;
				CLANG_WARN_BOOL_CONVERSION = YES;
				CLANG_WARN_CONSTANT_CONVERSION = YES;
				CLANG_WARN_DIRECT_OBJC_ISA_USAGE = YES_ERROR;
				CLANG_WARN_EMPTY_BODY = YES;
				CLANG_WARN_ENUM_CONVERSION = YES;
				CLANG_WARN_INT_CONVERSION = YES;
				CLANG_WARN_OBJC_ROOT_CLASS = YES_ERROR;
				CLANG_WARN_UNREACHABLE_CODE = YES;
				CLANG_WARN__DUPLICATE_METHOD_MATCH = YES;
				"CODE_SIGN_IDENTITY[sdk=iphoneos*]" = "iPhone Developer";
				COPY_PHASE_STRIP = NO;
				DEBUG_INFORMATION_FORMAT = "dwarf-with-dsym";
				ENABLE_STRICT_OBJC_MSGSEND = YES;
				GCC_C_LANGUAGE_STANDARD = gnu99;
				GCC_DYNAMIC_NO_PIC = NO;
				GCC_NO_COMMON_BLOCKS = YES;
				GCC_OPTIMIZATION_LEVEL = 0;
				GCC_PREPROCESSOR_DEFINITIONS = (
					"DEBUG=1",
					"$(inherited)",
				);
				GCC_SYMBOLS_PRIVATE_EXTERN = NO;
				GCC_WARN_64_TO_32_BIT_CONVERSION = YES;
				GCC_WARN_ABOUT_RETURN_TYPE = YES_ERROR;
				GCC_WARN_UNDECLARED_SELECTOR = YES;
				GCC_WARN_UNINITIALIZED_AUTOS = YES_AGGRESSIVE;
				GCC_WARN_UNUSED_FUNCTION = YES;
				GCC_WARN_UNUSED_VARIABLE = YES;
				IPHONEOS_DEPLOYMENT_TARGET = 8.3;
				MTL_ENABLE_DEBUG_INFO = YES;
				ONLY_ACTIVE_ARCH = YES;
				SDKROOT = iphoneos;
				SWIFT_OPTIMIZATION_LEVEL = "-Onone";
			};
			name = Debug;
		};
		FC0742361B01A70E00B80A3E /* Release */ = {
			isa = XCBuildConfiguration;
			buildSettings = {
				ALWAYS_SEARCH_USER_PATHS = NO;
				CLANG_CXX_LANGUAGE_STANDARD = "gnu++0x";
				CLANG_CXX_LIBRARY = "libc++";
				CLANG_ENABLE_MODULES = YES;
				CLANG_ENABLE_OBJC_ARC = YES;
				CLANG_WARN_BOOL_CONVERSION = YES;
				CLANG_WARN_CONSTANT_CONVERSION = YES;
				CLANG_WARN_DIRECT_OBJC_ISA_USAGE = YES_ERROR;
				CLANG_WARN_EMPTY_BODY = YES;
				CLANG_WARN_ENUM_CONVERSION = YES;
				CLANG_WARN_INT_CONVERSION = YES;
				CLANG_WARN_OBJC_ROOT_CLASS = YES_ERROR;
				CLANG_WARN_UNREACHABLE_CODE = YES;
				CLANG_WARN__DUPLICATE_METHOD_MATCH = YES;
				"CODE_SIGN_IDENTITY[sdk=iphoneos*]" = "iPhone Developer";
				COPY_PHASE_STRIP = NO;
				DEBUG_INFORMATION_FORMAT = "dwarf-with-dsym";
				ENABLE_NS_ASSERTIONS = NO;
				ENABLE_STRICT_OBJC_MSGSEND = YES;
				GCC_C_LANGUAGE_STANDARD = gnu99;
				GCC_NO_COMMON_BLOCKS = YES;
				GCC_WARN_64_TO_32_BIT_CONVERSION = YES;
				GCC_WARN_ABOUT_RETURN_TYPE = YES_ERROR;
				GCC_WARN_UNDECLARED_SELECTOR = YES;
				GCC_WARN_UNINITIALIZED_AUTOS = YES_AGGRESSIVE;
				GCC_WARN_UNUSED_FUNCTION = YES;
				GCC_WARN_UNUSED_VARIABLE = YES;
				IPHONEOS_DEPLOYMENT_TARGET = 8.3;
				MTL_ENABLE_DEBUG_INFO = NO;
				SDKROOT = iphoneos;
				VALIDATE_PRODUCT = YES;
			};
			name = Release;
		};
		FC0742381B01A70E00B80A3E /* Debug */ = {
			isa = XCBuildConfiguration;
			buildSettings = {
				ASSETCATALOG_COMPILER_APPICON_NAME = AppIcon;
				INFOPLIST_FILE = test/Info.plist;
				LD_RUNPATH_SEARCH_PATHS = "$(inherited) @executable_path/Frameworks";
				PRODUCT_NAME = "$(TARGET_NAME)";
			};
			name = Debug;
		};
		FC0742391B01A70E00B80A3E /* Release */ = {
			isa = XCBuildConfiguration;
			buildSettings = {
				ASSETCATALOG_COMPILER_APPICON_NAME = AppIcon;
				INFOPLIST_FILE = test/Info.plist;
				LD_RUNPATH_SEARCH_PATHS = "$(inherited) @executable_path/Frameworks";
				PRODUCT_NAME = "$(TARGET_NAME)";
			};
			name = Release;
		};
		FC07423B1B01A70E00B80A3E /* Debug */ = {
			isa = XCBuildConfiguration;
			buildSettings = {
				BUNDLE_LOADER = "$(TEST_HOST)";
				FRAMEWORK_SEARCH_PATHS = (
					"$(SDKROOT)/Developer/Library/Frameworks",
					"$(inherited)",
				);
				GCC_PREPROCESSOR_DEFINITIONS = (
					"DEBUG=1",
					"$(inherited)",
				);
				INFOPLIST_FILE = testTests/Info.plist;
				LD_RUNPATH_SEARCH_PATHS = "$(inherited) @executable_path/Frameworks @loader_path/Frameworks";
				PRODUCT_NAME = "$(TARGET_NAME)";
				TEST_HOST = "$(BUILT_PRODUCTS_DIR)/test.app/test";
			};
			name = Debug;
		};
		FC07423C1B01A70E00B80A3E /* Release */ = {
			isa = XCBuildConfiguration;
			buildSettings = {
				BUNDLE_LOADER = "$(TEST_HOST)";
				FRAMEWORK_SEARCH_PATHS = (
					"$(SDKROOT)/Developer/Library/Frameworks",
					"$(inherited)",
				);
				INFOPLIST_FILE = testTests/Info.plist;
				LD_RUNPATH_SEARCH_PATHS = "$(inherited) @executable_path/Frameworks @loader_path/Frameworks";
				PRODUCT_NAME = "$(TARGET_NAME)";
				TEST_HOST = "$(BUILT_PRODUCTS_DIR)/test.app/test";
			};
			name = Release;
		};
/* End XCBuildConfiguration section */

/* Begin XCConfigurationList section */
		FC0742111B01A70D00B80A3E /* Build configuration list for PBXProject "test" */ = {
			isa = XCConfigurationList;
			buildConfigurations = (
				FC0742351B01A70E00B80A3E /* Debug */,
				FC0742361B01A70E00B80A3E /* Release */,
			);
			defaultConfigurationIsVisible = 0;
			defaultConfigurationName = Release;
		};
		FC0742371B01A70E00B80A3E /* Build configuration list for PBXNativeTarget "test" */ = {
			isa = XCConfigurationList;
			buildConfigurations = (
				FC0742381B01A70E00B80A3E /* Debug */,
				FC0742391B01A70E00B80A3E /* Release */,
			);
			defaultConfigurationIsVisible = 0;
		};
		FC07423A1B01A70E00B80A3E /* Build configuration list for PBXNativeTarget "testTests" */ = {
			isa = XCConfigurationList;
			buildConfigurations = (
				FC07423B1B01A70E00B80A3E /* Debug */,
				FC07423C1B01A70E00B80A3E /* Release */,
			);
			defaultConfigurationIsVisible = 0;
		};
/* End XCConfigurationList section */
	};
	rootObject = FC07420E1B01A70D00B80A3E /* Project object */;
}
